// !$*UTF8*$!
{
	archiveVersion = 1;
	classes = {
	};
	objectVersion = 56;
	objects = {

/* Begin PBXBuildFile section */
		89E66BB729AE7E100066641E /* FacebookApp.swift in Sources */ = {isa = PBXBuildFile; fileRef = 89E66BB629AE7E100066641E /* FacebookApp.swift */; };
		89E66BB929AE7E100066641E /* ContentView.swift in Sources */ = {isa = PBXBuildFile; fileRef = 89E66BB829AE7E100066641E /* ContentView.swift */; };
		89E66BBB29AE7E130066641E /* Assets.xcassets in Resources */ = {isa = PBXBuildFile; fileRef = 89E66BBA29AE7E130066641E /* Assets.xcassets */; };
		89E66BBE29AE7E130066641E /* Preview Assets.xcassets in Resources */ = {isa = PBXBuildFile; fileRef = 89E66BBD29AE7E130066641E /* Preview Assets.xcassets */; };
		89E66BC829AE7E140066641E /* FacebookTests.swift in Sources */ = {isa = PBXBuildFile; fileRef = 89E66BC729AE7E140066641E /* FacebookTests.swift */; };
		89E66BD229AE7E140066641E /* FacebookUITests.swift in Sources */ = {isa = PBXBuildFile; fileRef = 89E66BD129AE7E140066641E /* FacebookUITests.swift */; };
		89E66BD429AE7E140066641E /* FacebookUITestsLaunchTests.swift in Sources */ = {isa = PBXBuildFile; fileRef = 89E66BD329AE7E140066641E /* FacebookUITestsLaunchTests.swift */; };
		89E66BE229AEAF800066641E /* Stories.swift in Sources */ = {isa = PBXBuildFile; fileRef = 89E66BE129AEAF800066641E /* Stories.swift */; };
		89E66BE429AF80650066641E /* Posts.swift in Sources */ = {isa = PBXBuildFile; fileRef = 89E66BE329AF80650066641E /* Posts.swift */; };
		89E66BE729AF88590066641E /* PostView.swift in Sources */ = {isa = PBXBuildFile; fileRef = 89E66BE629AF88590066641E /* PostView.swift */; };
		89E66BE929AF891B0066641E /* StoryView.swift in Sources */ = {isa = PBXBuildFile; fileRef = 89E66BE829AF891B0066641E /* StoryView.swift */; };
/* End PBXBuildFile section */

/* Begin PBXContainerItemProxy section */
		89E66BC429AE7E140066641E /* PBXContainerItemProxy */ = {
			isa = PBXContainerItemProxy;
			containerPortal = 89E66BAB29AE7E100066641E /* Project object */;
			proxyType = 1;
			remoteGlobalIDString = 89E66BB229AE7E100066641E;
			remoteInfo = Facebook;
		};
		89E66BCE29AE7E140066641E /* PBXContainerItemProxy */ = {
			isa = PBXContainerItemProxy;
			containerPortal = 89E66BAB29AE7E100066641E /* Project object */;
			proxyType = 1;
			remoteGlobalIDString = 89E66BB229AE7E100066641E;
			remoteInfo = Facebook;
		};
/* End PBXContainerItemProxy section */

/* Begin PBXFileReference section */
		89E66BB329AE7E100066641E /* Facebook.app */ = {isa = PBXFileReference; explicitFileType = wrapper.application; includeInIndex = 0; path = Facebook.app; sourceTree = BUILT_PRODUCTS_DIR; };
		89E66BB629AE7E100066641E /* FacebookApp.swift */ = {isa = PBXFileReference; lastKnownFileType = sourcecode.swift; path = FacebookApp.swift; sourceTree = "<group>"; };
		89E66BB829AE7E100066641E /* ContentView.swift */ = {isa = PBXFileReference; lastKnownFileType = sourcecode.swift; path = ContentView.swift; sourceTree = "<group>"; };
		89E66BBA29AE7E130066641E /* Assets.xcassets */ = {isa = PBXFileReference; lastKnownFileType = folder.assetcatalog; path = Assets.xcassets; sourceTree = "<group>"; };
		89E66BBD29AE7E130066641E /* Preview Assets.xcassets */ = {isa = PBXFileReference; lastKnownFileType = folder.assetcatalog; path = "Preview Assets.xcassets"; sourceTree = "<group>"; };
		89E66BC329AE7E140066641E /* FacebookTests.xctest */ = {isa = PBXFileReference; explicitFileType = wrapper.cfbundle; includeInIndex = 0; path = FacebookTests.xctest; sourceTree = BUILT_PRODUCTS_DIR; };
		89E66BC729AE7E140066641E /* FacebookTests.swift */ = {isa = PBXFileReference; lastKnownFileType = sourcecode.swift; path = FacebookTests.swift; sourceTree = "<group>"; };
		89E66BCD29AE7E140066641E /* FacebookUITests.xctest */ = {isa = PBXFileReference; explicitFileType = wrapper.cfbundle; includeInIndex = 0; path = FacebookUITests.xctest; sourceTree = BUILT_PRODUCTS_DIR; };
		89E66BD129AE7E140066641E /* FacebookUITests.swift */ = {isa = PBXFileReference; lastKnownFileType = sourcecode.swift; path = FacebookUITests.swift; sourceTree = "<group>"; };
		89E66BD329AE7E140066641E /* FacebookUITestsLaunchTests.swift */ = {isa = PBXFileReference; lastKnownFileType = sourcecode.swift; path = FacebookUITestsLaunchTests.swift; sourceTree = "<group>"; };
		89E66BE129AEAF800066641E /* Stories.swift */ = {isa = PBXFileReference; lastKnownFileType = sourcecode.swift; path = Stories.swift; sourceTree = "<group>"; };
		89E66BE329AF80650066641E /* Posts.swift */ = {isa = PBXFileReference; lastKnownFileType = sourcecode.swift; path = Posts.swift; sourceTree = "<group>"; };
		89E66BE629AF88590066641E /* PostView.swift */ = {isa = PBXFileReference; lastKnownFileType = sourcecode.swift; path = PostView.swift; sourceTree = "<group>"; };
		89E66BE829AF891B0066641E /* StoryView.swift */ = {isa = PBXFileReference; lastKnownFileType = sourcecode.swift; path = StoryView.swift; sourceTree = "<group>"; };
/* End PBXFileReference section */

/* Begin PBXFrameworksBuildPhase section */
		89E66BB029AE7E100066641E /* Frameworks */ = {
			isa = PBXFrameworksBuildPhase;
			buildActionMask = 2147483647;
			files = (
			);
			runOnlyForDeploymentPostprocessing = 0;
		};
		89E66BC029AE7E140066641E /* Frameworks */ = {
			isa = PBXFrameworksBuildPhase;
			buildActionMask = 2147483647;
			files = (
			);
			runOnlyForDeploymentPostprocessing = 0;
		};
		89E66BCA29AE7E140066641E /* Frameworks */ = {
			isa = PBXFrameworksBuildPhase;
			buildActionMask = 2147483647;
			files = (
			);
			runOnlyForDeploymentPostprocessing = 0;
		};
/* End PBXFrameworksBuildPhase section */

/* Begin PBXGroup section */
		89E66BAA29AE7E100066641E = {
			isa = PBXGroup;
			children = (
				89E66BB529AE7E100066641E /* Facebook */,
				89E66BC629AE7E140066641E /* FacebookTests */,
				89E66BD029AE7E140066641E /* FacebookUITests */,
				89E66BB429AE7E100066641E /* Products */,
			);
			sourceTree = "<group>";
		};
		89E66BB429AE7E100066641E /* Products */ = {
			isa = PBXGroup;
			children = (
				89E66BB329AE7E100066641E /* Facebook.app */,
				89E66BC329AE7E140066641E /* FacebookTests.xctest */,
				89E66BCD29AE7E140066641E /* FacebookUITests.xctest */,
			);
			name = Products;
			sourceTree = "<group>";
		};
		89E66BB529AE7E100066641E /* Facebook */ = {
			isa = PBXGroup;
			children = (
				89E66BE029AEAF560066641E /* Models */,
				89E66BB629AE7E100066641E /* FacebookApp.swift */,
				89E66BB829AE7E100066641E /* ContentView.swift */,
				89E66BBA29AE7E130066641E /* Assets.xcassets */,
				89E66BBC29AE7E130066641E /* Preview Content */,
			);
			path = Facebook;
			sourceTree = "<group>";
		};
		89E66BBC29AE7E130066641E /* Preview Content */ = {
			isa = PBXGroup;
			children = (
				89E66BBD29AE7E130066641E /* Preview Assets.xcassets */,
			);
			path = "Preview Content";
			sourceTree = "<group>";
		};
		89E66BC629AE7E140066641E /* FacebookTests */ = {
			isa = PBXGroup;
			children = (
				89E66BC729AE7E140066641E /* FacebookTests.swift */,
			);
			path = FacebookTests;
			sourceTree = "<group>";
		};
		89E66BD029AE7E140066641E /* FacebookUITests */ = {
			isa = PBXGroup;
			children = (
				89E66BD129AE7E140066641E /* FacebookUITests.swift */,
				89E66BD329AE7E140066641E /* FacebookUITestsLaunchTests.swift */,
			);
			path = FacebookUITests;
			sourceTree = "<group>";
		};
		89E66BE029AEAF560066641E /* Models */ = {
			isa = PBXGroup;
			children = (
				89E66BE529AF88430066641E /* Components */,
				89E66BE129AEAF800066641E /* Stories.swift */,
				89E66BE329AF80650066641E /* Posts.swift */,
			);
			path = Models;
			sourceTree = "<group>";
		};
		89E66BE529AF88430066641E /* Components */ = {
			isa = PBXGroup;
			children = (
				89E66BE629AF88590066641E /* PostView.swift */,
				89E66BE829AF891B0066641E /* StoryView.swift */,
			);
			path = Components;
			sourceTree = "<group>";
		};
/* End PBXGroup section */

/* Begin PBXNativeTarget section */
		89E66BB229AE7E100066641E /* Facebook */ = {
			isa = PBXNativeTarget;
			buildConfigurationList = 89E66BD729AE7E140066641E /* Build configuration list for PBXNativeTarget "Facebook" */;
			buildPhases = (
				89E66BAF29AE7E100066641E /* Sources */,
				89E66BB029AE7E100066641E /* Frameworks */,
				89E66BB129AE7E100066641E /* Resources */,
			);
			buildRules = (
			);
			dependencies = (
			);
			name = Facebook;
			productName = Facebook;
			productReference = 89E66BB329AE7E100066641E /* Facebook.app */;
			productType = "com.apple.product-type.application";
		};
		89E66BC229AE7E140066641E /* FacebookTests */ = {
			isa = PBXNativeTarget;
			buildConfigurationList = 89E66BDA29AE7E140066641E /* Build configuration list for PBXNativeTarget "FacebookTests" */;
			buildPhases = (
				89E66BBF29AE7E140066641E /* Sources */,
				89E66BC029AE7E140066641E /* Frameworks */,
				89E66BC129AE7E140066641E /* Resources */,
			);
			buildRules = (
			);
			dependencies = (
				89E66BC529AE7E140066641E /* PBXTargetDependency */,
			);
			name = FacebookTests;
			productName = FacebookTests;
			productReference = 89E66BC329AE7E140066641E /* FacebookTests.xctest */;
			productType = "com.apple.product-type.bundle.unit-test";
		};
		89E66BCC29AE7E140066641E /* FacebookUITests */ = {
			isa = PBXNativeTarget;
			buildConfigurationList = 89E66BDD29AE7E140066641E /* Build configuration list for PBXNativeTarget "FacebookUITests" */;
			buildPhases = (
				89E66BC929AE7E140066641E /* Sources */,
				89E66BCA29AE7E140066641E /* Frameworks */,
				89E66BCB29AE7E140066641E /* Resources */,
			);
			buildRules = (
			);
			dependencies = (
				89E66BCF29AE7E140066641E /* PBXTargetDependency */,
			);
			name = FacebookUITests;
			productName = FacebookUITests;
			productReference = 89E66BCD29AE7E140066641E /* FacebookUITests.xctest */;
			productType = "com.apple.product-type.bundle.ui-testing";
		};
/* End PBXNativeTarget section */

/* Begin PBXProject section */
		89E66BAB29AE7E100066641E /* Project object */ = {
			isa = PBXProject;
			attributes = {
				BuildIndependentTargetsInParallel = 1;
				LastSwiftUpdateCheck = 1420;
				LastUpgradeCheck = 1420;
				TargetAttributes = {
					89E66BB229AE7E100066641E = {
						CreatedOnToolsVersion = 14.2;
					};
					89E66BC229AE7E140066641E = {
						CreatedOnToolsVersion = 14.2;
						TestTargetID = 89E66BB229AE7E100066641E;
					};
					89E66BCC29AE7E140066641E = {
						CreatedOnToolsVersion = 14.2;
						TestTargetID = 89E66BB229AE7E100066641E;
					};
				};
			};
			buildConfigurationList = 89E66BAE29AE7E100066641E /* Build configuration list for PBXProject "Facebook" */;
			compatibilityVersion = "Xcode 14.0";
			developmentRegion = en;
			hasScannedForEncodings = 0;
			knownRegions = (
				en,
				Base,
			);
			mainGroup = 89E66BAA29AE7E100066641E;
			productRefGroup = 89E66BB429AE7E100066641E /* Products */;
			projectDirPath = "";
			projectRoot = "";
			targets = (
				89E66BB229AE7E100066641E /* Facebook */,
				89E66BC229AE7E140066641E /* FacebookTests */,
				89E66BCC29AE7E140066641E /* FacebookUITests */,
			);
		};
/* End PBXProject section */

/* Begin PBXResourcesBuildPhase section */
		89E66BB129AE7E100066641E /* Resources */ = {
			isa = PBXResourcesBuildPhase;
			buildActionMask = 2147483647;
			files = (
				89E66BBE29AE7E130066641E /* Preview Assets.xcassets in Resources */,
				89E66BBB29AE7E130066641E /* Assets.xcassets in Resources */,
			);
			runOnlyForDeploymentPostprocessing = 0;
		};
		89E66BC129AE7E140066641E /* Resources */ = {
			isa = PBXResourcesBuildPhase;
			buildActionMask = 2147483647;
			files = (
			);
			runOnlyForDeploymentPostprocessing = 0;
		};
		89E66BCB29AE7E140066641E /* Resources */ = {
			isa = PBXResourcesBuildPhase;
			buildActionMask = 2147483647;
			files = (
			);
			runOnlyForDeploymentPostprocessing = 0;
		};
/* End PBXResourcesBuildPhase section */

/* Begin PBXSourcesBuildPhase section */
		89E66BAF29AE7E100066641E /* Sources */ = {
			isa = PBXSourcesBuildPhase;
			buildActionMask = 2147483647;
			files = (
				89E66BE929AF891B0066641E /* StoryView.swift in Sources */,
				89E66BE229AEAF800066641E /* Stories.swift in Sources */,
				89E66BB929AE7E100066641E /* ContentView.swift in Sources */,
				89E66BB729AE7E100066641E /* FacebookApp.swift in Sources */,
				89E66BE729AF88590066641E /* PostView.swift in Sources */,
				89E66BE429AF80650066641E /* Posts.swift in Sources */,
			);
			runOnlyForDeploymentPostprocessing = 0;
		};
		89E66BBF29AE7E140066641E /* Sources */ = {
			isa = PBXSourcesBuildPhase;
			buildActionMask = 2147483647;
			files = (
				89E66BC829AE7E140066641E /* FacebookTests.swift in Sources */,
			);
			runOnlyForDeploymentPostprocessing = 0;
		};
		89E66BC929AE7E140066641E /* Sources */ = {
			isa = PBXSourcesBuildPhase;
			buildActionMask = 2147483647;
			files = (
				89E66BD429AE7E140066641E /* FacebookUITestsLaunchTests.swift in Sources */,
				89E66BD229AE7E140066641E /* FacebookUITests.swift in Sources */,
			);
			runOnlyForDeploymentPostprocessing = 0;
		};
/* End PBXSourcesBuildPhase section */

/* Begin PBXTargetDependency section */
		89E66BC529AE7E140066641E /* PBXTargetDependency */ = {
			isa = PBXTargetDependency;
			target = 89E66BB229AE7E100066641E /* Facebook */;
			targetProxy = 89E66BC429AE7E140066641E /* PBXContainerItemProxy */;
		};
		89E66BCF29AE7E140066641E /* PBXTargetDependency */ = {
			isa = PBXTargetDependency;
			target = 89E66BB229AE7E100066641E /* Facebook */;
			targetProxy = 89E66BCE29AE7E140066641E /* PBXContainerItemProxy */;
		};
/* End PBXTargetDependency section */

/* Begin XCBuildConfiguration section */
		89E66BD529AE7E140066641E /* Debug */ = {
			isa = XCBuildConfiguration;
			buildSettings = {
				ALWAYS_SEARCH_USER_PATHS = NO;
				CLANG_ANALYZER_NONNULL = YES;
				CLANG_ANALYZER_NUMBER_OBJECT_CONVERSION = YES_AGGRESSIVE;
				CLANG_CXX_LANGUAGE_STANDARD = "gnu++20";
				CLANG_ENABLE_MODULES = YES;
				CLANG_ENABLE_OBJC_ARC = YES;
				CLANG_ENABLE_OBJC_WEAK = YES;
				CLANG_WARN_BLOCK_CAPTURE_AUTORELEASING = YES;
				CLANG_WARN_BOOL_CONVERSION = YES;
				CLANG_WARN_COMMA = YES;
				CLANG_WARN_CONSTANT_CONVERSION = YES;
				CLANG_WARN_DEPRECATED_OBJC_IMPLEMENTATIONS = YES;
				CLANG_WARN_DIRECT_OBJC_ISA_USAGE = YES_ERROR;
				CLANG_WARN_DOCUMENTATION_COMMENTS = YES;
				CLANG_WARN_EMPTY_BODY = YES;
				CLANG_WARN_ENUM_CONVERSION = YES;
				CLANG_WARN_INFINITE_RECURSION = YES;
				CLANG_WARN_INT_CONVERSION = YES;
				CLANG_WARN_NON_LITERAL_NULL_CONVERSION = YES;
				CLANG_WARN_OBJC_IMPLICIT_RETAIN_SELF = YES;
				CLANG_WARN_OBJC_LITERAL_CONVERSION = YES;
				CLANG_WARN_OBJC_ROOT_CLASS = YES_ERROR;
				CLANG_WARN_QUOTED_INCLUDE_IN_FRAMEWORK_HEADER = YES;
				CLANG_WARN_RANGE_LOOP_ANALYSIS = YES;
				CLANG_WARN_STRICT_PROTOTYPES = YES;
				CLANG_WARN_SUSPICIOUS_MOVE = YES;
				CLANG_WARN_UNGUARDED_AVAILABILITY = YES_AGGRESSIVE;
				CLANG_WARN_UNREACHABLE_CODE = YES;
				CLANG_WARN__DUPLICATE_METHOD_MATCH = YES;
				COPY_PHASE_STRIP = NO;
				DEBUG_INFORMATION_FORMAT = dwarf;
				ENABLE_STRICT_OBJC_MSGSEND = YES;
				ENABLE_TESTABILITY = YES;
				GCC_C_LANGUAGE_STANDARD = gnu11;
				GCC_DYNAMIC_NO_PIC = NO;
				GCC_NO_COMMON_BLOCKS = YES;
				GCC_OPTIMIZATION_LEVEL = 0;
				GCC_PREPROCESSOR_DEFINITIONS = (
					"DEBUG=1",
					"$(inherited)",
				);
				GCC_WARN_64_TO_32_BIT_CONVERSION = YES;
				GCC_WARN_ABOUT_RETURN_TYPE = YES_ERROR;
				GCC_WARN_UNDECLARED_SELECTOR = YES;
				GCC_WARN_UNINITIALIZED_AUTOS = YES_AGGRESSIVE;
				GCC_WARN_UNUSED_FUNCTION = YES;
				GCC_WARN_UNUSED_VARIABLE = YES;
				IPHONEOS_DEPLOYMENT_TARGET = 16.2;
				MTL_ENABLE_DEBUG_INFO = INCLUDE_SOURCE;
				MTL_FAST_MATH = YES;
				ONLY_ACTIVE_ARCH = YES;
				SDKROOT = iphoneos;
				SWIFT_ACTIVE_COMPILATION_CONDITIONS = DEBUG;
				SWIFT_OPTIMIZATION_LEVEL = "-Onone";
			};
			name = Debug;
		};
		89E66BD629AE7E140066641E /* Release */ = {
			isa = XCBuildConfiguration;
			buildSettings = {
				ALWAYS_SEARCH_USER_PATHS = NO;
				CLANG_ANALYZER_NONNULL = YES;
				CLANG_ANALYZER_NUMBER_OBJECT_CONVERSION = YES_AGGRESSIVE;
				CLANG_CXX_LANGUAGE_STANDARD = "gnu++20";
				CLANG_ENABLE_MODULES = YES;
				CLANG_ENABLE_OBJC_ARC = YES;
				CLANG_ENABLE_OBJC_WEAK = YES;
				CLANG_WARN_BLOCK_CAPTURE_AUTORELEASING = YES;
				CLANG_WARN_BOOL_CONVERSION = YES;
				CLANG_WARN_COMMA = YES;
				CLANG_WARN_CONSTANT_CONVERSION = YES;
				CLANG_WARN_DEPRECATED_OBJC_IMPLEMENTATIONS = YES;
				CLANG_WARN_DIRECT_OBJC_ISA_USAGE = YES_ERROR;
				CLANG_WARN_DOCUMENTATION_COMMENTS = YES;
				CLANG_WARN_EMPTY_BODY = YES;
				CLANG_WARN_ENUM_CONVERSION = YES;
				CLANG_WARN_INFINITE_RECURSION = YES;
				CLANG_WARN_INT_CONVERSION = YES;
				CLANG_WARN_NON_LITERAL_NULL_CONVERSION = YES;
				CLANG_WARN_OBJC_IMPLICIT_RETAIN_SELF = YES;
				CLANG_WARN_OBJC_LITERAL_CONVERSION = YES;
				CLANG_WARN_OBJC_ROOT_CLASS = YES_ERROR;
				CLANG_WARN_QUOTED_INCLUDE_IN_FRAMEWORK_HEADER = YES;
				CLANG_WARN_RANGE_LOOP_ANALYSIS = YES;
				CLANG_WARN_STRICT_PROTOTYPES = YES;
				CLANG_WARN_SUSPICIOUS_MOVE = YES;
				CLANG_WARN_UNGUARDED_AVAILABILITY = YES_AGGRESSIVE;
				CLANG_WARN_UNREACHABLE_CODE = YES;
				CLANG_WARN__DUPLICATE_METHOD_MATCH = YES;
				COPY_PHASE_STRIP = NO;
				DEBUG_INFORMATION_FORMAT = "dwarf-with-dsym";
				ENABLE_NS_ASSERTIONS = NO;
				ENABLE_STRICT_OBJC_MSGSEND = YES;
				GCC_C_LANGUAGE_STANDARD = gnu11;
				GCC_NO_COMMON_BLOCKS = YES;
				GCC_WARN_64_TO_32_BIT_CONVERSION = YES;
				GCC_WARN_ABOUT_RETURN_TYPE = YES_ERROR;
				GCC_WARN_UNDECLARED_SELECTOR = YES;
				GCC_WARN_UNINITIALIZED_AUTOS = YES_AGGRESSIVE;
				GCC_WARN_UNUSED_FUNCTION = YES;
				GCC_WARN_UNUSED_VARIABLE = YES;
				IPHONEOS_DEPLOYMENT_TARGET = 16.2;
				MTL_ENABLE_DEBUG_INFO = NO;
				MTL_FAST_MATH = YES;
				SDKROOT = iphoneos;
				SWIFT_COMPILATION_MODE = wholemodule;
				SWIFT_OPTIMIZATION_LEVEL = "-O";
				VALIDATE_PRODUCT = YES;
			};
			name = Release;
		};
		89E66BD829AE7E140066641E /* Debug */ = {
			isa = XCBuildConfiguration;
			buildSettings = {
				ASSETCATALOG_COMPILER_APPICON_NAME = AppIcon;
				ASSETCATALOG_COMPILER_GLOBAL_ACCENT_COLOR_NAME = AccentColor;
				CODE_SIGN_STYLE = Automatic;
				CURRENT_PROJECT_VERSION = 1;
				DEVELOPMENT_ASSET_PATHS = "\"Facebook/Preview Content\"";
				DEVELOPMENT_TEAM = YX75RDXVVY;
				ENABLE_PREVIEWS = YES;
				GENERATE_INFOPLIST_FILE = YES;
				INFOPLIST_KEY_UIApplicationSceneManifest_Generation = YES;
				INFOPLIST_KEY_UIApplicationSupportsIndirectInputEvents = YES;
				INFOPLIST_KEY_UILaunchScreen_Generation = YES;
				INFOPLIST_KEY_UISupportedInterfaceOrientations_iPad = "UIInterfaceOrientationPortrait UIInterfaceOrientationPortraitUpsideDown UIInterfaceOrientationLandscapeLeft UIInterfaceOrientationLandscapeRight";
				INFOPLIST_KEY_UISupportedInterfaceOrientations_iPhone = "UIInterfaceOrientationPortrait UIInterfaceOrientationLandscapeLeft UIInterfaceOrientationLandscapeRight";
				LD_RUNPATH_SEARCH_PATHS = (
					"$(inherited)",
					"@executable_path/Frameworks",
				);
				MARKETING_VERSION = 1.0;
				PRODUCT_BUNDLE_IDENTIFIER = digital.ithinkso.Facebook;
				PRODUCT_NAME = "$(TARGET_NAME)";
				SWIFT_EMIT_LOC_STRINGS = YES;
				SWIFT_VERSION = 5.0;
				TARGETED_DEVICE_FAMILY = "1,2";
			};
			name = Debug;
		};
		89E66BD929AE7E140066641E /* Release */ = {
			isa = XCBuildConfiguration;
			buildSettings = {
				ASSETCATALOG_COMPILER_APPICON_NAME = AppIcon;
				ASSETCATALOG_COMPILER_GLOBAL_ACCENT_COLOR_NAME = AccentColor;
				CODE_SIGN_STYLE = Automatic;
				CURRENT_PROJECT_VERSION = 1;
				DEVELOPMENT_ASSET_PATHS = "\"Facebook/Preview Content\"";
				DEVELOPMENT_TEAM = YX75RDXVVY;
				ENABLE_PREVIEWS = YES;
				GENERATE_INFOPLIST_FILE = YES;
				INFOPLIST_KEY_UIApplicationSceneManifest_Generation = YES;
				INFOPLIST_KEY_UIApplicationSupportsIndirectInputEvents = YES;
				INFOPLIST_KEY_UILaunchScreen_Generation = YES;
				INFOPLIST_KEY_UISupportedInterfaceOrientations_iPad = "UIInterfaceOrientationPortrait UIInterfaceOrientationPortraitUpsideDown UIInterfaceOrientationLandscapeLeft UIInterfaceOrientationLandscapeRight";
				INFOPLIST_KEY_UISupportedInterfaceOrientations_iPhone = "UIInterfaceOrientationPortrait UIInterfaceOrientationLandscapeLeft UIInterfaceOrientationLandscapeRight";
				LD_RUNPATH_SEARCH_PATHS = (
					"$(inherited)",
					"@executable_path/Frameworks",
				);
				MARKETING_VERSION = 1.0;
				PRODUCT_BUNDLE_IDENTIFIER = digital.ithinkso.Facebook;
				PRODUCT_NAME = "$(TARGET_NAME)";
				SWIFT_EMIT_LOC_STRINGS = YES;
				SWIFT_VERSION = 5.0;
				TARGETED_DEVICE_FAMILY = "1,2";
			};
			name = Release;
		};
		89E66BDB29AE7E140066641E /* Debug */ = {
			isa = XCBuildConfiguration;
			buildSettings = {
				ALWAYS_EMBED_SWIFT_STANDARD_LIBRARIES = YES;
				BUNDLE_LOADER = "$(TEST_HOST)";
				CODE_SIGN_STYLE = Automatic;
				CURRENT_PROJECT_VERSION = 1;
				DEVELOPMENT_TEAM = YX75RDXVVY;
				GENERATE_INFOPLIST_FILE = YES;
				IPHONEOS_DEPLOYMENT_TARGET = 16.2;
				MARKETING_VERSION = 1.0;
				PRODUCT_BUNDLE_IDENTIFIER = digital.ithinkso.FacebookTests;
				PRODUCT_NAME = "$(TARGET_NAME)";
				SWIFT_EMIT_LOC_STRINGS = NO;
				SWIFT_VERSION = 5.0;
				TARGETED_DEVICE_FAMILY = "1,2";
				TEST_HOST = "$(BUILT_PRODUCTS_DIR)/Facebook.app/$(BUNDLE_EXECUTABLE_FOLDER_PATH)/Facebook";
			};
			name = Debug;
		};
		89E66BDC29AE7E140066641E /* Release */ = {
			isa = XCBuildConfiguration;
			buildSettings = {
				ALWAYS_EMBED_SWIFT_STANDARD_LIBRARIES = YES;
				BUNDLE_LOADER = "$(TEST_HOST)";
				CODE_SIGN_STYLE = Automatic;
				CURRENT_PROJECT_VERSION = 1;
				DEVELOPMENT_TEAM = YX75RDXVVY;
				GENERATE_INFOPLIST_FILE = YES;
				IPHONEOS_DEPLOYMENT_TARGET = 16.2;
				MARKETING_VERSION = 1.0;
				PRODUCT_BUNDLE_IDENTIFIER = digital.ithinkso.FacebookTests;
				PRODUCT_NAME = "$(TARGET_NAME)";
				SWIFT_EMIT_LOC_STRINGS = NO;
				SWIFT_VERSION = 5.0;
				TARGETED_DEVICE_FAMILY = "1,2";
				TEST_HOST = "$(BUILT_PRODUCTS_DIR)/Facebook.app/$(BUNDLE_EXECUTABLE_FOLDER_PATH)/Facebook";
			};
			name = Release;
		};
		89E66BDE29AE7E140066641E /* Debug */ = {
			isa = XCBuildConfiguration;
			buildSettings = {
				ALWAYS_EMBED_SWIFT_STANDARD_LIBRARIES = YES;
				CODE_SIGN_STYLE = Automatic;
				CURRENT_PROJECT_VERSION = 1;
				DEVELOPMENT_TEAM = YX75RDXVVY;
				GENERATE_INFOPLIST_FILE = YES;
				MARKETING_VERSION = 1.0;
				PRODUCT_BUNDLE_IDENTIFIER = digital.ithinkso.FacebookUITests;
				PRODUCT_NAME = "$(TARGET_NAME)";
				SWIFT_EMIT_LOC_STRINGS = NO;
				SWIFT_VERSION = 5.0;
				TARGETED_DEVICE_FAMILY = "1,2";
				TEST_TARGET_NAME = Facebook;
			};
			name = Debug;
		};
		89E66BDF29AE7E140066641E /* Release */ = {
			isa = XCBuildConfiguration;
			buildSettings = {
				ALWAYS_EMBED_SWIFT_STANDARD_LIBRARIES = YES;
				CODE_SIGN_STYLE = Automatic;
				CURRENT_PROJECT_VERSION = 1;
				DEVELOPMENT_TEAM = YX75RDXVVY;
				GENERATE_INFOPLIST_FILE = YES;
				MARKETING_VERSION = 1.0;
				PRODUCT_BUNDLE_IDENTIFIER = digital.ithinkso.FacebookUITests;
				PRODUCT_NAME = "$(TARGET_NAME)";
				SWIFT_EMIT_LOC_STRINGS = NO;
				SWIFT_VERSION = 5.0;
				TARGETED_DEVICE_FAMILY = "1,2";
				TEST_TARGET_NAME = Facebook;
			};
			name = Release;
		};
/* End XCBuildConfiguration section */

/* Begin XCConfigurationList section */
		89E66BAE29AE7E100066641E /* Build configuration list for PBXProject "Facebook" */ = {
			isa = XCConfigurationList;
			buildConfigurations = (
				89E66BD529AE7E140066641E /* Debug */,
				89E66BD629AE7E140066641E /* Release */,
			);
			defaultConfigurationIsVisible = 0;
			defaultConfigurationName = Release;
		};
		89E66BD729AE7E140066641E /* Build configuration list for PBXNativeTarget "Facebook" */ = {
			isa = XCConfigurationList;
			buildConfigurations = (
				89E66BD829AE7E140066641E /* Debug */,
				89E66BD929AE7E140066641E /* Release */,
			);
			defaultConfigurationIsVisible = 0;
			defaultConfigurationName = Release;
		};
		89E66BDA29AE7E140066641E /* Build configuration list for PBXNativeTarget "FacebookTests" */ = {
			isa = XCConfigurationList;
			buildConfigurations = (
				89E66BDB29AE7E140066641E /* Debug */,
				89E66BDC29AE7E140066641E /* Release */,
			);
			defaultConfigurationIsVisible = 0;
			defaultConfigurationName = Release;
		};
		89E66BDD29AE7E140066641E /* Build configuration list for PBXNativeTarget "FacebookUITests" */ = {
			isa = XCConfigurationList;
			buildConfigurations = (
				89E66BDE29AE7E140066641E /* Debug */,
				89E66BDF29AE7E140066641E /* Release */,
			);
			defaultConfigurationIsVisible = 0;
			defaultConfigurationName = Release;
		};
/* End XCConfigurationList section */
	};
	rootObject = 89E66BAB29AE7E100066641E /* Project object */;
}
